
Microsoft Visual Studio Solution File, Format Version 12.00
# Visual Studio Version 17
VisualStudioVersion = 17.9.34902.65
MinimumVisualStudioVersion = 10.0.40219.1
Project("{FAE04EC0-301F-11D3-BF4B-00C04F79EFBC}") = "FitRectangleApp", "FitRectangleApp\FitRectangleApp.csproj", "{F92995E2-48A2-4595-B7E1-40AC903454FC}"
EndProject
Project("{9A19103F-16F7-4668-BE54-9A1E7A4F7556}") = "FitRectangleApp.Tests", "FitRectangleApp.Tests\FitRectangleApp.Tests.csproj", "{1CDABB45-8A0C-4910-980F-2EDABFBCBA14}"
EndProject
Global
	GlobalSection(SolutionConfigurationPlatforms) = preSolution
		Debug|Any CPU = Debug|Any CPU
		Release|Any CPU = Release|Any CPU
	EndGlobalSection
	GlobalSection(ProjectConfigurationPlatforms) = postSolution
		{F92995E2-48A2-4595-B7E1-40AC903454FC}.Debug|Any CPU.ActiveCfg = Debug|Any CPU
		{F92995E2-48A2-4595-B7E1-40AC903454FC}.Debug|Any CPU.Build.0 = Debug|Any CPU
		{F92995E2-48A2-4595-B7E1-40AC903454FC}.Release|Any CPU.ActiveCfg = Release|Any CPU
		{F92995E2-48A2-4595-B7E1-40AC903454FC}.Release|Any CPU.Build.0 = Release|Any CPU
		{1CDABB45-8A0C-4910-980F-2EDABFBCBA14}.Debug|Any CPU.ActiveCfg = Debug|Any CPU
		{1CDABB45-8A0C-4910-980F-2EDABFBCBA14}.Debug|Any CPU.Build.0 = Debug|Any CPU
		{1CDABB45-8A0C-4910-980F-2EDABFBCBA14}.Release|Any CPU.ActiveCfg = Release|Any CPU
		{1CDABB45-8A0C-4910-980F-2EDABFBCBA14}.Release|Any CPU.Build.0 = Release|Any CPU
	EndGlobalSection
	GlobalSection(SolutionProperties) = preSolution
		HideSolutionNode = FALSE
	EndGlobalSection
	GlobalSection(ExtensibilityGlobals) = postSolution
		SolutionGuid = {FF6A1563-45B7-448B-86BC-7089521C35C0}
	EndGlobalSection
EndGlobal
